
Microsoft Visual Studio Solution File, Format Version 12.00
# Visual Studio Version 17
VisualStudioVersion = 17.10.35013.160
MinimumVisualStudioVersion = 10.0.40219.1
Project("{FAE04EC0-301F-11D3-BF4B-00C04F79EFBC}") = "zamowienia-app", "zamowienia-app\zamowienia-app.csproj", "{559723FD-31EC-4741-81EB-CF2F53D0E39A}"
EndProject
Global
	GlobalSection(SolutionConfigurationPlatforms) = preSolution
		Debug|Any CPU = Debug|Any CPU
		Release|Any CPU = Release|Any CPU
	EndGlobalSection
	GlobalSection(ProjectConfigurationPlatforms) = postSolution
		{559723FD-31EC-4741-81EB-CF2F53D0E39A}.Debug|Any CPU.ActiveCfg = Debug|Any CPU
		{559723FD-31EC-4741-81EB-CF2F53D0E39A}.Debug|Any CPU.Build.0 = Debug|Any CPU
		{559723FD-31EC-4741-81EB-CF2F53D0E39A}.Release|Any CPU.ActiveCfg = Release|Any CPU
		{559723FD-31EC-4741-81EB-CF2F53D0E39A}.Release|Any CPU.Build.0 = Release|Any CPU
	EndGlobalSection
	GlobalSection(SolutionProperties) = preSolution
		HideSolutionNode = FALSE
	EndGlobalSection
	GlobalSection(ExtensibilityGlobals) = postSolution
		SolutionGuid = {1E6D15EC-2B2F-4A5E-92F8-A26DA31E0034}
	EndGlobalSection
EndGlobal
